github.com/jobstoit/httpio v0.0.0-20240622171004-a6f32d8eb9c3 h1:EXO7rz/uP3SGHyQDGBWT4ViKkqwWWmjwIeN5iMkLA5w=
github.com/jobstoit/httpio v0.0.0-20240622171004-a6f32d8eb9c3/go.mod h1:oPe+pgx+fp9LinK+K8YyQAoiP4aXnHrBvwsTxE9pSZ0=
github.com/jobstoit/httpio v0.2.1 h1:KR9hZ2czmC4pBzVFNuekPIkAvwW348CEJ/HmzSNI1oE=
github.com/jobstoit/httpio v0.2.1/go.mod h1:oPe+pgx+fp9LinK+K8YyQAoiP4aXnHrBvwsTxE9pSZ0=
github.com/jobstoit/httpio v0.2.2 h1:e2M/O9//CnRVTd2mBA5laXy70IO/TcjLs0L1eQWEdfw=
github.com/jobstoit/httpio v0.2.2/go.mod h1:oPe+pgx+fp9LinK+K8YyQAoiP4aXnHrBvwsTxE9pSZ0=
github.com/jobstoit/httpio v1.0.0 h1:Noda+tFMRpXSRsjzPRiDbRv9HWGiERWOLgl1phOF8fc=
github.com/jobstoit/httpio v1.0.0/go.mod h1:oPe+pgx+fp9LinK+K8YyQAoiP4aXnHrBvwsTxE9pSZ0=
